// !$*UTF8*$!
{
	archiveVersion = 1;
	classes = {
	};
	objectVersion = 51;
	objects = {

/* Begin PBXBuildFile section */
		6DD55C86D52A9BE0ED5E6B05 /* Pods_swiftLearning.framework in Frameworks */ = {isa = PBXBuildFile; fileRef = CF10FE512988F876F91E4418 /* Pods_swiftLearning.framework */; };
		B560288B247B7658002B239C /* JRequets.swift in Sources */ = {isa = PBXBuildFile; fileRef = B560287D247B7657002B239C /* JRequets.swift */; };
		B560288C247B7658002B239C /* HttpRequest.swift in Sources */ = {isa = PBXBuildFile; fileRef = B5602880247B7658002B239C /* HttpRequest.swift */; };
		B560288D247B7658002B239C /* HUD.swift in Sources */ = {isa = PBXBuildFile; fileRef = B5602882247B7658002B239C /* HUD.swift */; };
		B560288E247B7658002B239C /* KeyedDecodingContainer+Extension.swift in Sources */ = {isa = PBXBuildFile; fileRef = B5602883247B7658002B239C /* KeyedDecodingContainer+Extension.swift */; };
		B560288F247B7658002B239C /* SaveFiles.swift in Sources */ = {isa = PBXBuildFile; fileRef = B5602884247B7658002B239C /* SaveFiles.swift */; };
		B5602890247B7658002B239C /* DMAPI.swift in Sources */ = {isa = PBXBuildFile; fileRef = B5602886247B7658002B239C /* DMAPI.swift */; };
		B5602891247B7658002B239C /* DMModel.swift in Sources */ = {isa = PBXBuildFile; fileRef = B5602887247B7658002B239C /* DMModel.swift */; };
		B5602892247B7658002B239C /* MoyaConfig.swift in Sources */ = {isa = PBXBuildFile; fileRef = B5602888247B7658002B239C /* MoyaConfig.swift */; };
		B5602893247B7658002B239C /* NetworkTools.swift in Sources */ = {isa = PBXBuildFile; fileRef = B560288A247B7658002B239C /* NetworkTools.swift */; };
		B5602895247B768B002B239C /* netViewController.swift in Sources */ = {isa = PBXBuildFile; fileRef = B5602894247B768B002B239C /* netViewController.swift */; };
		B5E86E1C247377D00056B979 /* AppDelegate.swift in Sources */ = {isa = PBXBuildFile; fileRef = B5E86E1B247377D00056B979 /* AppDelegate.swift */; };
		B5E86E1E247377D00056B979 /* SceneDelegate.swift in Sources */ = {isa = PBXBuildFile; fileRef = B5E86E1D247377D00056B979 /* SceneDelegate.swift */; };
		B5E86E20247377D00056B979 /* ViewController.swift in Sources */ = {isa = PBXBuildFile; fileRef = B5E86E1F247377D00056B979 /* ViewController.swift */; };
		B5E86E23247377D00056B979 /* Main.storyboard in Resources */ = {isa = PBXBuildFile; fileRef = B5E86E21247377D00056B979 /* Main.storyboard */; };
		B5E86E26247377D00056B979 /* swiftLearning.xcdatamodeld in Sources */ = {isa = PBXBuildFile; fileRef = B5E86E24247377D00056B979 /* swiftLearning.xcdatamodeld */; };
		B5E86E28247377D60056B979 /* Assets.xcassets in Resources */ = {isa = PBXBuildFile; fileRef = B5E86E27247377D60056B979 /* Assets.xcassets */; };
		B5E86E2B247377D60056B979 /* LaunchScreen.storyboard in Resources */ = {isa = PBXBuildFile; fileRef = B5E86E29247377D60056B979 /* LaunchScreen.storyboard */; };
		B5E86E36247377D70056B979 /* swiftLearningTests.swift in Sources */ = {isa = PBXBuildFile; fileRef = B5E86E35247377D70056B979 /* swiftLearningTests.swift */; };
		B5E86E41247377D70056B979 /* swiftLearningUITests.swift in Sources */ = {isa = PBXBuildFile; fileRef = B5E86E40247377D70056B979 /* swiftLearningUITests.swift */; };
/* End PBXBuildFile section */

/* Begin PBXContainerItemProxy section */
		B5E86E32247377D70056B979 /* PBXContainerItemProxy */ = {
			isa = PBXContainerItemProxy;
			containerPortal = B5E86E10247377D00056B979 /* Project object */;
			proxyType = 1;
			remoteGlobalIDString = B5E86E17247377D00056B979;
			remoteInfo = swiftLearning;
		};
		B5E86E3D247377D70056B979 /* PBXContainerItemProxy */ = {
			isa = PBXContainerItemProxy;
			containerPortal = B5E86E10247377D00056B979 /* Project object */;
			proxyType = 1;
			remoteGlobalIDString = B5E86E17247377D00056B979;
			remoteInfo = swiftLearning;
		};
/* End PBXContainerItemProxy section */

/* Begin PBXFileReference section */
		4DA30AB010E793EB13DDA9A8 /* Pods-swiftLearning.debug.xcconfig */ = {isa = PBXFileReference; includeInIndex = 1; lastKnownFileType = text.xcconfig; name = "Pods-swiftLearning.debug.xcconfig"; path = "Target Support Files/Pods-swiftLearning/Pods-swiftLearning.debug.xcconfig"; sourceTree = "<group>"; };
		B560287D247B7657002B239C /* JRequets.swift */ = {isa = PBXFileReference; fileEncoding = 4; lastKnownFileType = sourcecode.swift; path = JRequets.swift; sourceTree = "<group>"; };
		B5602880247B7658002B239C /* HttpRequest.swift */ = {isa = PBXFileReference; fileEncoding = 4; lastKnownFileType = sourcecode.swift; path = HttpRequest.swift; sourceTree = "<group>"; };
		B5602882247B7658002B239C /* HUD.swift */ = {isa = PBXFileReference; fileEncoding = 4; lastKnownFileType = sourcecode.swift; path = HUD.swift; sourceTree = "<group>"; };
		B5602883247B7658002B239C /* KeyedDecodingContainer+Extension.swift */ = {isa = PBXFileReference; fileEncoding = 4; lastKnownFileType = sourcecode.swift; path = "KeyedDecodingContainer+Extension.swift"; sourceTree = "<group>"; };
		B5602884247B7658002B239C /* SaveFiles.swift */ = {isa = PBXFileReference; fileEncoding = 4; lastKnownFileType = sourcecode.swift; path = SaveFiles.swift; sourceTree = "<group>"; };
		B5602886247B7658002B239C /* DMAPI.swift */ = {isa = PBXFileReference; fileEncoding = 4; lastKnownFileType = sourcecode.swift; path = DMAPI.swift; sourceTree = "<group>"; };
		B5602887247B7658002B239C /* DMModel.swift */ = {isa = PBXFileReference; fileEncoding = 4; lastKnownFileType = sourcecode.swift; path = DMModel.swift; sourceTree = "<group>"; };
		B5602888247B7658002B239C /* MoyaConfig.swift */ = {isa = PBXFileReference; fileEncoding = 4; lastKnownFileType = sourcecode.swift; path = MoyaConfig.swift; sourceTree = "<group>"; };
		B560288A247B7658002B239C /* NetworkTools.swift */ = {isa = PBXFileReference; fileEncoding = 4; lastKnownFileType = sourcecode.swift; path = NetworkTools.swift; sourceTree = "<group>"; };
		B5602894247B768B002B239C /* netViewController.swift */ = {isa = PBXFileReference; lastKnownFileType = sourcecode.swift; path = netViewController.swift; sourceTree = "<group>"; };
		B5D2913D77349E3B415F51A7 /* Pods-swiftLearning.release.xcconfig */ = {isa = PBXFileReference; includeInIndex = 1; lastKnownFileType = text.xcconfig; name = "Pods-swiftLearning.release.xcconfig"; path = "Target Support Files/Pods-swiftLearning/Pods-swiftLearning.release.xcconfig"; sourceTree = "<group>"; };
		B5E86E18247377D00056B979 /* swiftLearning.app */ = {isa = PBXFileReference; explicitFileType = wrapper.application; includeInIndex = 0; path = swiftLearning.app; sourceTree = BUILT_PRODUCTS_DIR; };
		B5E86E1B247377D00056B979 /* AppDelegate.swift */ = {isa = PBXFileReference; lastKnownFileType = sourcecode.swift; path = AppDelegate.swift; sourceTree = "<group>"; };
		B5E86E1D247377D00056B979 /* SceneDelegate.swift */ = {isa = PBXFileReference; lastKnownFileType = sourcecode.swift; path = SceneDelegate.swift; sourceTree = "<group>"; };
		B5E86E1F247377D00056B979 /* ViewController.swift */ = {isa = PBXFileReference; lastKnownFileType = sourcecode.swift; path = ViewController.swift; sourceTree = "<group>"; };
		B5E86E22247377D00056B979 /* Base */ = {isa = PBXFileReference; lastKnownFileType = file.storyboard; name = Base; path = Base.lproj/Main.storyboard; sourceTree = "<group>"; };
		B5E86E25247377D00056B979 /* swiftLearning.xcdatamodel */ = {isa = PBXFileReference; lastKnownFileType = wrapper.xcdatamodel; path = swiftLearning.xcdatamodel; sourceTree = "<group>"; };
		B5E86E27247377D60056B979 /* Assets.xcassets */ = {isa = PBXFileReference; lastKnownFileType = folder.assetcatalog; path = Assets.xcassets; sourceTree = "<group>"; };
		B5E86E2A247377D60056B979 /* Base */ = {isa = PBXFileReference; lastKnownFileType = file.storyboard; name = Base; path = Base.lproj/LaunchScreen.storyboard; sourceTree = "<group>"; };
		B5E86E2C247377D60056B979 /* Info.plist */ = {isa = PBXFileReference; lastKnownFileType = text.plist.xml; path = Info.plist; sourceTree = "<group>"; };
		B5E86E31247377D70056B979 /* swiftLearningTests.xctest */ = {isa = PBXFileReference; explicitFileType = wrapper.cfbundle; includeInIndex = 0; path = swiftLearningTests.xctest; sourceTree = BUILT_PRODUCTS_DIR; };
		B5E86E35247377D70056B979 /* swiftLearningTests.swift */ = {isa = PBXFileReference; lastKnownFileType = sourcecode.swift; path = swiftLearningTests.swift; sourceTree = "<group>"; };
		B5E86E37247377D70056B979 /* Info.plist */ = {isa = PBXFileReference; lastKnownFileType = text.plist.xml; path = Info.plist; sourceTree = "<group>"; };
		B5E86E3C247377D70056B979 /* swiftLearningUITests.xctest */ = {isa = PBXFileReference; explicitFileType = wrapper.cfbundle; includeInIndex = 0; path = swiftLearningUITests.xctest; sourceTree = BUILT_PRODUCTS_DIR; };
		B5E86E40247377D70056B979 /* swiftLearningUITests.swift */ = {isa = PBXFileReference; lastKnownFileType = sourcecode.swift; path = swiftLearningUITests.swift; sourceTree = "<group>"; };
		B5E86E42247377D70056B979 /* Info.plist */ = {isa = PBXFileReference; lastKnownFileType = text.plist.xml; path = Info.plist; sourceTree = "<group>"; };
		CF10FE512988F876F91E4418 /* Pods_swiftLearning.framework */ = {isa = PBXFileReference; explicitFileType = wrapper.framework; includeInIndex = 0; path = Pods_swiftLearning.framework; sourceTree = BUILT_PRODUCTS_DIR; };
/* End PBXFileReference section */

/* Begin PBXFrameworksBuildPhase section */
		B5E86E15247377D00056B979 /* Frameworks */ = {
			isa = PBXFrameworksBuildPhase;
			buildActionMask = 2147483647;
			files = (
				6DD55C86D52A9BE0ED5E6B05 /* Pods_swiftLearning.framework in Frameworks */,
			);
			runOnlyForDeploymentPostprocessing = 0;
		};
		B5E86E2E247377D70056B979 /* Frameworks */ = {
			isa = PBXFrameworksBuildPhase;
			buildActionMask = 2147483647;
			files = (
			);
			runOnlyForDeploymentPostprocessing = 0;
		};
		B5E86E39247377D70056B979 /* Frameworks */ = {
			isa = PBXFrameworksBuildPhase;
			buildActionMask = 2147483647;
			files = (
			);
			runOnlyForDeploymentPostprocessing = 0;
		};
/* End PBXFrameworksBuildPhase section */

/* Begin PBXGroup section */
		B560287B247B7651002B239C /* Net */ = {
			isa = PBXGroup;
			children = (
				B5602889247B7658002B239C /* 类似AFN的封装 */,
				B560287C247B7657002B239C /* 链式网络请求 */,
				B560287E247B7658002B239C /* Moya */,
				B5602894247B768B002B239C /* netViewController.swift */,
			);
			path = Net;
			sourceTree = "<group>";
		};
		B560287C247B7657002B239C /* 链式网络请求 */ = {
			isa = PBXGroup;
			children = (
				B560287D247B7657002B239C /* JRequets.swift */,
			);
			path = "链式网络请求";
			sourceTree = "<group>";
		};
		B560287E247B7658002B239C /* Moya */ = {
			isa = PBXGroup;
			children = (
				B560287F247B7658002B239C /* MoyaBase */,
				B5602885247B7658002B239C /* MoyaAPI */,
				B5602888247B7658002B239C /* MoyaConfig.swift */,
			);
			path = Moya;
			sourceTree = "<group>";
		};
		B560287F247B7658002B239C /* MoyaBase */ = {
			isa = PBXGroup;
			children = (
				B5602880247B7658002B239C /* HttpRequest.swift */,
				B5602881247B7658002B239C /* 组件 */,
			);
			path = MoyaBase;
			sourceTree = "<group>";
		};
		B5602881247B7658002B239C /* 组件 */ = {
			isa = PBXGroup;
			children = (
				B5602882247B7658002B239C /* HUD.swift */,
				B5602883247B7658002B239C /* KeyedDecodingContainer+Extension.swift */,
				B5602884247B7658002B239C /* SaveFiles.swift */,
			);
			path = "组件";
			sourceTree = "<group>";
		};
		B5602885247B7658002B239C /* MoyaAPI */ = {
			isa = PBXGroup;
			children = (
				B5602886247B7658002B239C /* DMAPI.swift */,
				B5602887247B7658002B239C /* DMModel.swift */,
			);
			path = MoyaAPI;
			sourceTree = "<group>";
		};
		B5602889247B7658002B239C /* 类似AFN的封装 */ = {
			isa = PBXGroup;
			children = (
				B560288A247B7658002B239C /* NetworkTools.swift */,
			);
			path = "类似AFN的封装";
			sourceTree = "<group>";
		};
		B5E86E0F247377D00056B979 = {
			isa = PBXGroup;
			children = (
				B5E86E1A247377D00056B979 /* swiftLearning */,
				B5E86E34247377D70056B979 /* swiftLearningTests */,
				B5E86E3F247377D70056B979 /* swiftLearningUITests */,
				B5E86E19247377D00056B979 /* Products */,
				C2329BE7769BD1F68BFD9346 /* Pods */,
				DAD74E80E11BDA87EF323197 /* Frameworks */,
			);
			sourceTree = "<group>";
		};
		B5E86E19247377D00056B979 /* Products */ = {
			isa = PBXGroup;
			children = (
				B5E86E18247377D00056B979 /* swiftLearning.app */,
				B5E86E31247377D70056B979 /* swiftLearningTests.xctest */,
				B5E86E3C247377D70056B979 /* swiftLearningUITests.xctest */,
			);
			name = Products;
			sourceTree = "<group>";
		};
		B5E86E1A247377D00056B979 /* swiftLearning */ = {
			isa = PBXGroup;
			children = (
				B5E86E1B247377D00056B979 /* AppDelegate.swift */,
				B5E86E1D247377D00056B979 /* SceneDelegate.swift */,
				B5E86E1F247377D00056B979 /* ViewController.swift */,
				B560287B247B7651002B239C /* Net */,
				B5E86E21247377D00056B979 /* Main.storyboard */,
				B5E86E27247377D60056B979 /* Assets.xcassets */,
				B5E86E29247377D60056B979 /* LaunchScreen.storyboard */,
				B5E86E2C247377D60056B979 /* Info.plist */,
				B5E86E24247377D00056B979 /* swiftLearning.xcdatamodeld */,
			);
			path = swiftLearning;
			sourceTree = "<group>";
		};
		B5E86E34247377D70056B979 /* swiftLearningTests */ = {
			isa = PBXGroup;
			children = (
				B5E86E35247377D70056B979 /* swiftLearningTests.swift */,
				B5E86E37247377D70056B979 /* Info.plist */,
			);
			path = swiftLearningTests;
			sourceTree = "<group>";
		};
		B5E86E3F247377D70056B979 /* swiftLearningUITests */ = {
			isa = PBXGroup;
			children = (
				B5E86E40247377D70056B979 /* swiftLearningUITests.swift */,
				B5E86E42247377D70056B979 /* Info.plist */,
			);
			path = swiftLearningUITests;
			sourceTree = "<group>";
		};
		C2329BE7769BD1F68BFD9346 /* Pods */ = {
			isa = PBXGroup;
			children = (
				4DA30AB010E793EB13DDA9A8 /* Pods-swiftLearning.debug.xcconfig */,
				B5D2913D77349E3B415F51A7 /* Pods-swiftLearning.release.xcconfig */,
			);
			path = Pods;
			sourceTree = "<group>";
		};
		DAD74E80E11BDA87EF323197 /* Frameworks */ = {
			isa = PBXGroup;
			children = (
				CF10FE512988F876F91E4418 /* Pods_swiftLearning.framework */,
			);
			name = Frameworks;
			sourceTree = "<group>";
		};
/* End PBXGroup section */

/* Begin PBXNativeTarget section */
		B5E86E17247377D00056B979 /* swiftLearning */ = {
			isa = PBXNativeTarget;
			buildConfigurationList = B5E86E45247377D70056B979 /* Build configuration list for PBXNativeTarget "swiftLearning" */;
			buildPhases = (
				F883BB82E1EFEEF140D27560 /* [CP] Check Pods Manifest.lock */,
				B5E86E14247377D00056B979 /* Sources */,
				B5E86E15247377D00056B979 /* Frameworks */,
				B5E86E16247377D00056B979 /* Resources */,
				9E9C24E69464C4A8477C307B /* [CP] Embed Pods Frameworks */,
			);
			buildRules = (
			);
			dependencies = (
			);
			name = swiftLearning;
			productName = swiftLearning;
			productReference = B5E86E18247377D00056B979 /* swiftLearning.app */;
			productType = "com.apple.product-type.application";
		};
		B5E86E30247377D70056B979 /* swiftLearningTests */ = {
			isa = PBXNativeTarget;
			buildConfigurationList = B5E86E48247377D70056B979 /* Build configuration list for PBXNativeTarget "swiftLearningTests" */;
			buildPhases = (
				B5E86E2D247377D70056B979 /* Sources */,
				B5E86E2E247377D70056B979 /* Frameworks */,
				B5E86E2F247377D70056B979 /* Resources */,
			);
			buildRules = (
			);
			dependencies = (
				B5E86E33247377D70056B979 /* PBXTargetDependency */,
			);
			name = swiftLearningTests;
			productName = swiftLearningTests;
			productReference = B5E86E31247377D70056B979 /* swiftLearningTests.xctest */;
			productType = "com.apple.product-type.bundle.unit-test";
		};
		B5E86E3B247377D70056B979 /* swiftLearningUITests */ = {
			isa = PBXNativeTarget;
			buildConfigurationList = B5E86E4B247377D70056B979 /* Build configuration list for PBXNativeTarget "swiftLearningUITests" */;
			buildPhases = (
				B5E86E38247377D70056B979 /* Sources */,
				B5E86E39247377D70056B979 /* Frameworks */,
				B5E86E3A247377D70056B979 /* Resources */,
			);
			buildRules = (
			);
			dependencies = (
				B5E86E3E247377D70056B979 /* PBXTargetDependency */,
			);
			name = swiftLearningUITests;
			productName = swiftLearningUITests;
			productReference = B5E86E3C247377D70056B979 /* swiftLearningUITests.xctest */;
			productType = "com.apple.product-type.bundle.ui-testing";
		};
/* End PBXNativeTarget section */

/* Begin PBXProject section */
		B5E86E10247377D00056B979 /* Project object */ = {
			isa = PBXProject;
			attributes = {
				LastSwiftUpdateCheck = 1140;
				LastUpgradeCheck = 1140;
				ORGANIZATIONNAME = Emma;
				TargetAttributes = {
					B5E86E17247377D00056B979 = {
						CreatedOnToolsVersion = 11.4.1;
					};
					B5E86E30247377D70056B979 = {
						CreatedOnToolsVersion = 11.4.1;
						TestTargetID = B5E86E17247377D00056B979;
					};
					B5E86E3B247377D70056B979 = {
						CreatedOnToolsVersion = 11.4.1;
						TestTargetID = B5E86E17247377D00056B979;
					};
				};
			};
			buildConfigurationList = B5E86E13247377D00056B979 /* Build configuration list for PBXProject "swiftLearning" */;
			compatibilityVersion = "Xcode 9.3";
			developmentRegion = en;
			hasScannedForEncodings = 0;
			knownRegions = (
				en,
				Base,
			);
			mainGroup = B5E86E0F247377D00056B979;
			productRefGroup = B5E86E19247377D00056B979 /* Products */;
			projectDirPath = "";
			projectRoot = "";
			targets = (
				B5E86E17247377D00056B979 /* swiftLearning */,
				B5E86E30247377D70056B979 /* swiftLearningTests */,
				B5E86E3B247377D70056B979 /* swiftLearningUITests */,
			);
		};
/* End PBXProject section */

/* Begin PBXResourcesBuildPhase section */
		B5E86E16247377D00056B979 /* Resources */ = {
			isa = PBXResourcesBuildPhase;
			buildActionMask = 2147483647;
			files = (
				B5E86E2B247377D60056B979 /* LaunchScreen.storyboard in Resources */,
				B5E86E28247377D60056B979 /* Assets.xcassets in Resources */,
				B5E86E23247377D00056B979 /* Main.storyboard in Resources */,
			);
			runOnlyForDeploymentPostprocessing = 0;
		};
		B5E86E2F247377D70056B979 /* Resources */ = {
			isa = PBXResourcesBuildPhase;
			buildActionMask = 2147483647;
			files = (
			);
			runOnlyForDeploymentPostprocessing = 0;
		};
		B5E86E3A247377D70056B979 /* Resources */ = {
			isa = PBXResourcesBuildPhase;
			buildActionMask = 2147483647;
			files = (
			);
			runOnlyForDeploymentPostprocessing = 0;
		};
/* End PBXResourcesBuildPhase section */

/* Begin PBXShellScriptBuildPhase section */
		9E9C24E69464C4A8477C307B /* [CP] Embed Pods Frameworks */ = {
			isa = PBXShellScriptBuildPhase;
			buildActionMask = 2147483647;
			files = (
			);
			inputFileListPaths = (
				"${PODS_ROOT}/Target Support Files/Pods-swiftLearning/Pods-swiftLearning-frameworks-${CONFIGURATION}-input-files.xcfilelist",
			);
			name = "[CP] Embed Pods Frameworks";
			outputFileListPaths = (
				"${PODS_ROOT}/Target Support Files/Pods-swiftLearning/Pods-swiftLearning-frameworks-${CONFIGURATION}-output-files.xcfilelist",
			);
			runOnlyForDeploymentPostprocessing = 0;
			shellPath = /bin/sh;
			shellScript = "\"${PODS_ROOT}/Target Support Files/Pods-swiftLearning/Pods-swiftLearning-frameworks.sh\"\n";
			showEnvVarsInLog = 0;
		};
		F883BB82E1EFEEF140D27560 /* [CP] Check Pods Manifest.lock */ = {
			isa = PBXShellScriptBuildPhase;
			buildActionMask = 2147483647;
			files = (
			);
			inputFileListPaths = (
			);
			inputPaths = (
				"${PODS_PODFILE_DIR_PATH}/Podfile.lock",
				"${PODS_ROOT}/Manifest.lock",
			);
			name = "[CP] Check Pods Manifest.lock";
			outputFileListPaths = (
			);
			outputPaths = (
				"$(DERIVED_FILE_DIR)/Pods-swiftLearning-checkManifestLockResult.txt",
			);
			runOnlyForDeploymentPostprocessing = 0;
			shellPath = /bin/sh;
			shellScript = "diff \"${PODS_PODFILE_DIR_PATH}/Podfile.lock\" \"${PODS_ROOT}/Manifest.lock\" > /dev/null\nif [ $? != 0 ] ; then\n    # print error to STDERR\n    echo \"error: The sandbox is not in sync with the Podfile.lock. Run 'pod install' or update your CocoaPods installation.\" >&2\n    exit 1\nfi\n# This output is used by Xcode 'outputs' to avoid re-running this script phase.\necho \"SUCCESS\" > \"${SCRIPT_OUTPUT_FILE_0}\"\n";
			showEnvVarsInLog = 0;
		};
/* End PBXShellScriptBuildPhase section */

/* Begin PBXSourcesBuildPhase section */
		B5E86E14247377D00056B979 /* Sources */ = {
			isa = PBXSourcesBuildPhase;
			buildActionMask = 2147483647;
			files = (
				B5E86E20247377D00056B979 /* ViewController.swift in Sources */,
				B560288B247B7658002B239C /* JRequets.swift in Sources */,
				B5E86E1C247377D00056B979 /* AppDelegate.swift in Sources */,
				B5602892247B7658002B239C /* MoyaConfig.swift in Sources */,
				B560288E247B7658002B239C /* KeyedDecodingContainer+Extension.swift in Sources */,
				B5E86E1E247377D00056B979 /* SceneDelegate.swift in Sources */,
				B5602890247B7658002B239C /* DMAPI.swift in Sources */,
				B560288D247B7658002B239C /* HUD.swift in Sources */,
				B5602895247B768B002B239C /* netViewController.swift in Sources */,
				B5E86E26247377D00056B979 /* swiftLearning.xcdatamodeld in Sources */,
				B5602891247B7658002B239C /* DMModel.swift in Sources */,
				B560288F247B7658002B239C /* SaveFiles.swift in Sources */,
				B5602893247B7658002B239C /* NetworkTools.swift in Sources */,
				B560288C247B7658002B239C /* HttpRequest.swift in Sources */,
			);
			runOnlyForDeploymentPostprocessing = 0;
		};
		B5E86E2D247377D70056B979 /* Sources */ = {
			isa = PBXSourcesBuildPhase;
			buildActionMask = 2147483647;
			files = (
				B5E86E36247377D70056B979 /* swiftLearningTests.swift in Sources */,
			);
			runOnlyForDeploymentPostprocessing = 0;
		};
		B5E86E38247377D70056B979 /* Sources */ = {
			isa = PBXSourcesBuildPhase;
			buildActionMask = 2147483647;
			files = (
				B5E86E41247377D70056B979 /* swiftLearningUITests.swift in Sources */,
			);
			runOnlyForDeploymentPostprocessing = 0;
		};
/* End PBXSourcesBuildPhase section */

/* Begin PBXTargetDependency section */
		B5E86E33247377D70056B979 /* PBXTargetDependency */ = {
			isa = PBXTargetDependency;
			target = B5E86E17247377D00056B979 /* swiftLearning */;
			targetProxy = B5E86E32247377D70056B979 /* PBXContainerItemProxy */;
		};
		B5E86E3E247377D70056B979 /* PBXTargetDependency */ = {
			isa = PBXTargetDependency;
			target = B5E86E17247377D00056B979 /* swiftLearning */;
			targetProxy = B5E86E3D247377D70056B979 /* PBXContainerItemProxy */;
		};
/* End PBXTargetDependency section */

/* Begin PBXVariantGroup section */
		B5E86E21247377D00056B979 /* Main.storyboard */ = {
			isa = PBXVariantGroup;
			children = (
				B5E86E22247377D00056B979 /* Base */,
			);
			name = Main.storyboard;
			sourceTree = "<group>";
		};
		B5E86E29247377D60056B979 /* LaunchScreen.storyboard */ = {
			isa = PBXVariantGroup;
			children = (
				B5E86E2A247377D60056B979 /* Base */,
			);
			name = LaunchScreen.storyboard;
			sourceTree = "<group>";
		};
/* End PBXVariantGroup section */

/* Begin XCBuildConfiguration section */
		B5E86E43247377D70056B979 /* Debug */ = {
			isa = XCBuildConfiguration;
			buildSettings = {
				ALWAYS_SEARCH_USER_PATHS = NO;
				CLANG_ANALYZER_NONNULL = YES;
				CLANG_ANALYZER_NUMBER_OBJECT_CONVERSION = YES_AGGRESSIVE;
				CLANG_CXX_LANGUAGE_STANDARD = "gnu++14";
				CLANG_CXX_LIBRARY = "libc++";
				CLANG_ENABLE_MODULES = YES;
				CLANG_ENABLE_OBJC_ARC = YES;
				CLANG_ENABLE_OBJC_WEAK = YES;
				CLANG_WARN_BLOCK_CAPTURE_AUTORELEASING = YES;
				CLANG_WARN_BOOL_CONVERSION = YES;
				CLANG_WARN_COMMA = YES;
				CLANG_WARN_CONSTANT_CONVERSION = YES;
				CLANG_WARN_DEPRECATED_OBJC_IMPLEMENTATIONS = YES;
				CLANG_WARN_DIRECT_OBJC_ISA_USAGE = YES_ERROR;
				CLANG_WARN_DOCUMENTATION_COMMENTS = YES;
				CLANG_WARN_EMPTY_BODY = YES;
				CLANG_WARN_ENUM_CONVERSION = YES;
				CLANG_WARN_INFINITE_RECURSION = YES;
				CLANG_WARN_INT_CONVERSION = YES;
				CLANG_WARN_NON_LITERAL_NULL_CONVERSION = YES;
				CLANG_WARN_OBJC_IMPLICIT_RETAIN_SELF = YES;
				CLANG_WARN_OBJC_LITERAL_CONVERSION = YES;
				CLANG_WARN_OBJC_ROOT_CLASS = YES_ERROR;
				CLANG_WARN_RANGE_LOOP_ANALYSIS = YES;
				CLANG_WARN_STRICT_PROTOTYPES = YES;
				CLANG_WARN_SUSPICIOUS_MOVE = YES;
				CLANG_WARN_UNGUARDED_AVAILABILITY = YES_AGGRESSIVE;
				CLANG_WARN_UNREACHABLE_CODE = YES;
				CLANG_WARN__DUPLICATE_METHOD_MATCH = YES;
				COPY_PHASE_STRIP = NO;
				DEBUG_INFORMATION_FORMAT = dwarf;
				ENABLE_STRICT_OBJC_MSGSEND = YES;
				ENABLE_TESTABILITY = YES;
				GCC_C_LANGUAGE_STANDARD = gnu11;
				GCC_DYNAMIC_NO_PIC = NO;
				GCC_NO_COMMON_BLOCKS = YES;
				GCC_OPTIMIZATION_LEVEL = 0;
				GCC_PREPROCESSOR_DEFINITIONS = (
					"DEBUG=1",
					"$(inherited)",
				);
				GCC_WARN_64_TO_32_BIT_CONVERSION = YES;
				GCC_WARN_ABOUT_RETURN_TYPE = YES_ERROR;
				GCC_WARN_UNDECLARED_SELECTOR = YES;
				GCC_WARN_UNINITIALIZED_AUTOS = YES_AGGRESSIVE;
				GCC_WARN_UNUSED_FUNCTION = YES;
				GCC_WARN_UNUSED_VARIABLE = YES;
				IPHONEOS_DEPLOYMENT_TARGET = 13.4;
				MTL_ENABLE_DEBUG_INFO = INCLUDE_SOURCE;
				MTL_FAST_MATH = YES;
				ONLY_ACTIVE_ARCH = YES;
				SDKROOT = iphoneos;
				SWIFT_ACTIVE_COMPILATION_CONDITIONS = DEBUG;
				SWIFT_OPTIMIZATION_LEVEL = "-Onone";
			};
			name = Debug;
		};
		B5E86E44247377D70056B979 /* Release */ = {
			isa = XCBuildConfiguration;
			buildSettings = {
				ALWAYS_SEARCH_USER_PATHS = NO;
				CLANG_ANALYZER_NONNULL = YES;
				CLANG_ANALYZER_NUMBER_OBJECT_CONVERSION = YES_AGGRESSIVE;
				CLANG_CXX_LANGUAGE_STANDARD = "gnu++14";
				CLANG_CXX_LIBRARY = "libc++";
				CLANG_ENABLE_MODULES = YES;
				CLANG_ENABLE_OBJC_ARC = YES;
				CLANG_ENABLE_OBJC_WEAK = YES;
				CLANG_WARN_BLOCK_CAPTURE_AUTORELEASING = YES;
				CLANG_WARN_BOOL_CONVERSION = YES;
				CLANG_WARN_COMMA = YES;
				CLANG_WARN_CONSTANT_CONVERSION = YES;
				CLANG_WARN_DEPRECATED_OBJC_IMPLEMENTATIONS = YES;
				CLANG_WARN_DIRECT_OBJC_ISA_USAGE = YES_ERROR;
				CLANG_WARN_DOCUMENTATION_COMMENTS = YES;
				CLANG_WARN_EMPTY_BODY = YES;
				CLANG_WARN_ENUM_CONVERSION = YES;
				CLANG_WARN_INFINITE_RECURSION = YES;
				CLANG_WARN_INT_CONVERSION = YES;
				CLANG_WARN_NON_LITERAL_NULL_CONVERSION = YES;
				CLANG_WARN_OBJC_IMPLICIT_RETAIN_SELF = YES;
				CLANG_WARN_OBJC_LITERAL_CONVERSION = YES;
				CLANG_WARN_OBJC_ROOT_CLASS = YES_ERROR;
				CLANG_WARN_RANGE_LOOP_ANALYSIS = YES;
				CLANG_WARN_STRICT_PROTOTYPES = YES;
				CLANG_WARN_SUSPICIOUS_MOVE = YES;
				CLANG_WARN_UNGUARDED_AVAILABILITY = YES_AGGRESSIVE;
				CLANG_WARN_UNREACHABLE_CODE = YES;
				CLANG_WARN__DUPLICATE_METHOD_MATCH = YES;
				COPY_PHASE_STRIP = NO;
				DEBUG_INFORMATION_FORMAT = "dwarf-with-dsym";
				ENABLE_NS_ASSERTIONS = NO;
				ENABLE_STRICT_OBJC_MSGSEND = YES;
				GCC_C_LANGUAGE_STANDARD = gnu11;
				GCC_NO_COMMON_BLOCKS = YES;
				GCC_WARN_64_TO_32_BIT_CONVERSION = YES;
				GCC_WARN_ABOUT_RETURN_TYPE = YES_ERROR;
				GCC_WARN_UNDECLARED_SELECTOR = YES;
				GCC_WARN_UNINITIALIZED_AUTOS = YES_AGGRESSIVE;
				GCC_WARN_UNUSED_FUNCTION = YES;
				GCC_WARN_UNUSED_VARIABLE = YES;
				IPHONEOS_DEPLOYMENT_TARGET = 13.4;
				MTL_ENABLE_DEBUG_INFO = NO;
				MTL_FAST_MATH = YES;
				SDKROOT = iphoneos;
				SWIFT_COMPILATION_MODE = wholemodule;
				SWIFT_OPTIMIZATION_LEVEL = "-O";
				VALIDATE_PRODUCT = YES;
			};
			name = Release;
		};
		B5E86E46247377D70056B979 /* Debug */ = {
			isa = XCBuildConfiguration;
			baseConfigurationReference = 4DA30AB010E793EB13DDA9A8 /* Pods-swiftLearning.debug.xcconfig */;
			buildSettings = {
				ASSETCATALOG_COMPILER_APPICON_NAME = AppIcon;
				CODE_SIGN_STYLE = Automatic;
				INFOPLIST_FILE = swiftLearning/Info.plist;
				LD_RUNPATH_SEARCH_PATHS = (
					"$(inherited)",
					"@executable_path/Frameworks",
				);
				PRODUCT_BUNDLE_IDENTIFIER = com.wonderinc.swiftLearning;
				PRODUCT_NAME = "$(TARGET_NAME)";
				SWIFT_VERSION = 5.0;
				TARGETED_DEVICE_FAMILY = "1,2";
			};
			name = Debug;
		};
		B5E86E47247377D70056B979 /* Release */ = {
			isa = XCBuildConfiguration;
			baseConfigurationReference = B5D2913D77349E3B415F51A7 /* Pods-swiftLearning.release.xcconfig */;
			buildSettings = {
				ASSETCATALOG_COMPILER_APPICON_NAME = AppIcon;
				CODE_SIGN_STYLE = Automatic;
				INFOPLIST_FILE = swiftLearning/Info.plist;
				LD_RUNPATH_SEARCH_PATHS = (
					"$(inherited)",
					"@executable_path/Frameworks",
				);
				PRODUCT_BUNDLE_IDENTIFIER = com.wonderinc.swiftLearning;
				PRODUCT_NAME = "$(TARGET_NAME)";
				SWIFT_VERSION = 5.0;
				TARGETED_DEVICE_FAMILY = "1,2";
			};
			name = Release;
		};
		B5E86E49247377D70056B979 /* Debug */ = {
			isa = XCBuildConfiguration;
			buildSettings = {
				ALWAYS_EMBED_SWIFT_STANDARD_LIBRARIES = YES;
				BUNDLE_LOADER = "$(TEST_HOST)";
				CODE_SIGN_STYLE = Automatic;
				INFOPLIST_FILE = swiftLearningTests/Info.plist;
				IPHONEOS_DEPLOYMENT_TARGET = 13.4;
				LD_RUNPATH_SEARCH_PATHS = (
					"$(inherited)",
					"@executable_path/Frameworks",
					"@loader_path/Frameworks",
				);
				PRODUCT_BUNDLE_IDENTIFIER = com.wonderinc.swiftLearningTests;
				PRODUCT_NAME = "$(TARGET_NAME)";
				SWIFT_VERSION = 5.0;
				TARGETED_DEVICE_FAMILY = "1,2";
				TEST_HOST = "$(BUILT_PRODUCTS_DIR)/swiftLearning.app/swiftLearning";
			};
			name = Debug;
		};
		B5E86E4A247377D70056B979 /* Release */ = {
			isa = XCBuildConfiguration;
			buildSettings = {
				ALWAYS_EMBED_SWIFT_STANDARD_LIBRARIES = YES;
				BUNDLE_LOADER = "$(TEST_HOST)";
				CODE_SIGN_STYLE = Automatic;
				INFOPLIST_FILE = swiftLearningTests/Info.plist;
				IPHONEOS_DEPLOYMENT_TARGET = 13.4;
				LD_RUNPATH_SEARCH_PATHS = (
					"$(inherited)",
					"@executable_path/Frameworks",
					"@loader_path/Frameworks",
				);
				PRODUCT_BUNDLE_IDENTIFIER = com.wonderinc.swiftLearningTests;
				PRODUCT_NAME = "$(TARGET_NAME)";
				SWIFT_VERSION = 5.0;
				TARGETED_DEVICE_FAMILY = "1,2";
				TEST_HOST = "$(BUILT_PRODUCTS_DIR)/swiftLearning.app/swiftLearning";
			};
			name = Release;
		};
		B5E86E4C247377D70056B979 /* Debug */ = {
			isa = XCBuildConfiguration;
			buildSettings = {
				ALWAYS_EMBED_SWIFT_STANDARD_LIBRARIES = YES;
				CODE_SIGN_STYLE = Automatic;
				INFOPLIST_FILE = swiftLearningUITests/Info.plist;
				LD_RUNPATH_SEARCH_PATHS = (
					"$(inherited)",
					"@executable_path/Frameworks",
					"@loader_path/Frameworks",
				);
				PRODUCT_BUNDLE_IDENTIFIER = com.wonderinc.swiftLearningUITests;
				PRODUCT_NAME = "$(TARGET_NAME)";
				SWIFT_VERSION = 5.0;
				TARGETED_DEVICE_FAMILY = "1,2";
				TEST_TARGET_NAME = swiftLearning;
			};
			name = Debug;
		};
		B5E86E4D247377D70056B979 /* Release */ = {
			isa = XCBuildConfiguration;
			buildSettings = {
				ALWAYS_EMBED_SWIFT_STANDARD_LIBRARIES = YES;
				CODE_SIGN_STYLE = Automatic;
				INFOPLIST_FILE = swiftLearningUITests/Info.plist;
				LD_RUNPATH_SEARCH_PATHS = (
					"$(inherited)",
					"@executable_path/Frameworks",
					"@loader_path/Frameworks",
				);
				PRODUCT_BUNDLE_IDENTIFIER = com.wonderinc.swiftLearningUITests;
				PRODUCT_NAME = "$(TARGET_NAME)";
				SWIFT_VERSION = 5.0;
				TARGETED_DEVICE_FAMILY = "1,2";
				TEST_TARGET_NAME = swiftLearning;
			};
			name = Release;
		};
/* End XCBuildConfiguration section */

/* Begin XCConfigurationList section */
		B5E86E13247377D00056B979 /* Build configuration list for PBXProject "swiftLearning" */ = {
			isa = XCConfigurationList;
			buildConfigurations = (
				B5E86E43247377D70056B979 /* Debug */,
				B5E86E44247377D70056B979 /* Release */,
			);
			defaultConfigurationIsVisible = 0;
			defaultConfigurationName = Release;
		};
		B5E86E45247377D70056B979 /* Build configuration list for PBXNativeTarget "swiftLearning" */ = {
			isa = XCConfigurationList;
			buildConfigurations = (
				B5E86E46247377D70056B979 /* Debug */,
				B5E86E47247377D70056B979 /* Release */,
			);
			defaultConfigurationIsVisible = 0;
			defaultConfigurationName = Release;
		};
		B5E86E48247377D70056B979 /* Build configuration list for PBXNativeTarget "swiftLearningTests" */ = {
			isa = XCConfigurationList;
			buildConfigurations = (
				B5E86E49247377D70056B979 /* Debug */,
				B5E86E4A247377D70056B979 /* Release */,
			);
			defaultConfigurationIsVisible = 0;
			defaultConfigurationName = Release;
		};
		B5E86E4B247377D70056B979 /* Build configuration list for PBXNativeTarget "swiftLearningUITests" */ = {
			isa = XCConfigurationList;
			buildConfigurations = (
				B5E86E4C247377D70056B979 /* Debug */,
				B5E86E4D247377D70056B979 /* Release */,
			);
			defaultConfigurationIsVisible = 0;
			defaultConfigurationName = Release;
		};
/* End XCConfigurationList section */

/* Begin XCVersionGroup section */
		B5E86E24247377D00056B979 /* swiftLearning.xcdatamodeld */ = {
			isa = XCVersionGroup;
			children = (
				B5E86E25247377D00056B979 /* swiftLearning.xcdatamodel */,
			);
			currentVersion = B5E86E25247377D00056B979 /* swiftLearning.xcdatamodel */;
			path = swiftLearning.xcdatamodeld;
			sourceTree = "<group>";
			versionGroupType = wrapper.xcdatamodel;
		};
/* End XCVersionGroup section */
	};
	rootObject = B5E86E10247377D00056B979 /* Project object */;
}
